
Microsoft Visual Studio Solution File, Format Version 11.00
# Visual Studio 2010
Project("{2150E333-8FDC-42A3-9474-1A3956D46DE8}") = "서버", "서버", "{E881712E-B5BE-45FE-BB29-36123A857F47}"
EndProject
Project("{2150E333-8FDC-42A3-9474-1A3956D46DE8}") = "라이브러리", "라이브러리", "{0FBF3DD4-2497-49B6-A9C4-DA10A251E012}"
EndProject
Project("{8BC9CEB8-8B4A-11D0-8D11-00A0C91BC942}") = "CubeService", "라이브러리\CubeService\CubeService.vcxproj", "{854F1E5B-FC3F-4549-B65B-54B3836457BF}"
EndProject
Project("{8BC9CEB8-8B4A-11D0-8D11-00A0C91BC942}") = "CubeBaseString", "라이브러리\CubeBaseString\CubeBaseString.vcxproj", "{FA6CB113-8AA3-4800-93EC-E62AB6036D51}"
EndProject
Project("{8BC9CEB8-8B4A-11D0-8D11-00A0C91BC942}") = "CubeLog", "라이브러리\CubeLog\CubeLog.vcxproj", "{D43139C8-FFFB-4E9F-B197-F272005C143B}"
EndProject
Project("{8BC9CEB8-8B4A-11D0-8D11-00A0C91BC942}") = "CubeOleDb", "라이브러리\CubeOleDb\CubeOleDb.vcxproj", "{73DD7B04-22FB-416A-BFEA-B1A3C7383FE4}"
EndProject
Project("{8BC9CEB8-8B4A-11D0-8D11-00A0C91BC942}") = "CubeThread", "라이브러리\CubeThread\CubeThread.vcxproj", "{F78089EC-3AFD-4486-8773-8538E6A8C245}"
EndProject
Project("{8BC9CEB8-8B4A-11D0-8D11-00A0C91BC942}") = "SecRealServer", "서버\SecRealServer\SecRealServer.vcxproj", "{A69AA171-18A9-44E9-8A7C-B437E72F8D82}"
	ProjectSection(ProjectDependencies) = postProject
		{D43139C8-FFFB-4E9F-B197-F272005C143B} = {D43139C8-FFFB-4E9F-B197-F272005C143B}
	EndProjectSection
EndProject
Project("{8BC9CEB8-8B4A-11D0-8D11-00A0C91BC942}") = "SecClientSocket", "라이브러리\SecClientSocket\SecClientSocket.vcxproj", "{507C7912-EC1A-4596-96F3-3D293898B0A2}"
EndProject
Project("{8BC9CEB8-8B4A-11D0-8D11-00A0C91BC942}") = "CubeSocket", "라이브러리\CubeSocket\CubeSocket.vcxproj", "{43D6B6D0-99BC-4688-A00E-EDB99A0686FA}"
EndProject
Global
	GlobalSection(SolutionConfigurationPlatforms) = preSolution
		Debug|Win32 = Debug|Win32
		Debug|x64 = Debug|x64
		Release|Win32 = Release|Win32
		Release|x64 = Release|x64
	EndGlobalSection
	GlobalSection(ProjectConfigurationPlatforms) = postSolution
		{854F1E5B-FC3F-4549-B65B-54B3836457BF}.Debug|Win32.ActiveCfg = Debug|Win32
		{854F1E5B-FC3F-4549-B65B-54B3836457BF}.Debug|Win32.Build.0 = Debug|Win32
		{854F1E5B-FC3F-4549-B65B-54B3836457BF}.Debug|x64.ActiveCfg = Debug|x64
		{854F1E5B-FC3F-4549-B65B-54B3836457BF}.Debug|x64.Build.0 = Debug|x64
		{854F1E5B-FC3F-4549-B65B-54B3836457BF}.Release|Win32.ActiveCfg = Release|Win32
		{854F1E5B-FC3F-4549-B65B-54B3836457BF}.Release|Win32.Build.0 = Release|Win32
		{854F1E5B-FC3F-4549-B65B-54B3836457BF}.Release|x64.ActiveCfg = Release|x64
		{854F1E5B-FC3F-4549-B65B-54B3836457BF}.Release|x64.Build.0 = Release|x64
		{FA6CB113-8AA3-4800-93EC-E62AB6036D51}.Debug|Win32.ActiveCfg = Debug|Win32
		{FA6CB113-8AA3-4800-93EC-E62AB6036D51}.Debug|Win32.Build.0 = Debug|Win32
		{FA6CB113-8AA3-4800-93EC-E62AB6036D51}.Debug|x64.ActiveCfg = Debug|x64
		{FA6CB113-8AA3-4800-93EC-E62AB6036D51}.Debug|x64.Build.0 = Debug|x64
		{FA6CB113-8AA3-4800-93EC-E62AB6036D51}.Release|Win32.ActiveCfg = Release|Win32
		{FA6CB113-8AA3-4800-93EC-E62AB6036D51}.Release|Win32.Build.0 = Release|Win32
		{FA6CB113-8AA3-4800-93EC-E62AB6036D51}.Release|x64.ActiveCfg = Release|x64
		{FA6CB113-8AA3-4800-93EC-E62AB6036D51}.Release|x64.Build.0 = Release|x64
		{D43139C8-FFFB-4E9F-B197-F272005C143B}.Debug|Win32.ActiveCfg = Debug|Win32
		{D43139C8-FFFB-4E9F-B197-F272005C143B}.Debug|Win32.Build.0 = Debug|Win32
		{D43139C8-FFFB-4E9F-B197-F272005C143B}.Debug|x64.ActiveCfg = Debug|x64
		{D43139C8-FFFB-4E9F-B197-F272005C143B}.Debug|x64.Build.0 = Debug|x64
		{D43139C8-FFFB-4E9F-B197-F272005C143B}.Release|Win32.ActiveCfg = Release|Win32
		{D43139C8-FFFB-4E9F-B197-F272005C143B}.Release|Win32.Build.0 = Release|Win32
		{D43139C8-FFFB-4E9F-B197-F272005C143B}.Release|x64.ActiveCfg = Release|x64
		{D43139C8-FFFB-4E9F-B197-F272005C143B}.Release|x64.Build.0 = Release|x64
		{73DD7B04-22FB-416A-BFEA-B1A3C7383FE4}.Debug|Win32.ActiveCfg = Debug|Win32
		{73DD7B04-22FB-416A-BFEA-B1A3C7383FE4}.Debug|Win32.Build.0 = Debug|Win32
		{73DD7B04-22FB-416A-BFEA-B1A3C7383FE4}.Debug|x64.ActiveCfg = Debug|x64
		{73DD7B04-22FB-416A-BFEA-B1A3C7383FE4}.Debug|x64.Build.0 = Debug|x64
		{73DD7B04-22FB-416A-BFEA-B1A3C7383FE4}.Release|Win32.ActiveCfg = Release|Win32
		{73DD7B04-22FB-416A-BFEA-B1A3C7383FE4}.Release|Win32.Build.0 = Release|Win32
		{73DD7B04-22FB-416A-BFEA-B1A3C7383FE4}.Release|x64.ActiveCfg = Release|x64
		{73DD7B04-22FB-416A-BFEA-B1A3C7383FE4}.Release|x64.Build.0 = Release|x64
		{F78089EC-3AFD-4486-8773-8538E6A8C245}.Debug|Win32.ActiveCfg = Debug|Win32
		{F78089EC-3AFD-4486-8773-8538E6A8C245}.Debug|Win32.Build.0 = Debug|Win32
		{F78089EC-3AFD-4486-8773-8538E6A8C245}.Debug|x64.ActiveCfg = Debug|x64
		{F78089EC-3AFD-4486-8773-8538E6A8C245}.Debug|x64.Build.0 = Debug|x64
		{F78089EC-3AFD-4486-8773-8538E6A8C245}.Release|Win32.ActiveCfg = Release|Win32
		{F78089EC-3AFD-4486-8773-8538E6A8C245}.Release|Win32.Build.0 = Release|Win32
		{F78089EC-3AFD-4486-8773-8538E6A8C245}.Release|x64.ActiveCfg = Release|x64
		{F78089EC-3AFD-4486-8773-8538E6A8C245}.Release|x64.Build.0 = Release|x64
		{A69AA171-18A9-44E9-8A7C-B437E72F8D82}.Debug|Win32.ActiveCfg = Debug|Win32
		{A69AA171-18A9-44E9-8A7C-B437E72F8D82}.Debug|x64.ActiveCfg = Debug|x64
		{A69AA171-18A9-44E9-8A7C-B437E72F8D82}.Release|Win32.ActiveCfg = Release|Win32
		{A69AA171-18A9-44E9-8A7C-B437E72F8D82}.Release|Win32.Build.0 = Release|Win32
		{A69AA171-18A9-44E9-8A7C-B437E72F8D82}.Release|x64.ActiveCfg = Release|x64
		{A69AA171-18A9-44E9-8A7C-B437E72F8D82}.Release|x64.Build.0 = Release|x64
		{507C7912-EC1A-4596-96F3-3D293898B0A2}.Debug|Win32.ActiveCfg = Debug|Win32
		{507C7912-EC1A-4596-96F3-3D293898B0A2}.Debug|Win32.Build.0 = Debug|Win32
		{507C7912-EC1A-4596-96F3-3D293898B0A2}.Debug|x64.ActiveCfg = Debug|Win32
		{507C7912-EC1A-4596-96F3-3D293898B0A2}.Release|Win32.ActiveCfg = Release|Win32
		{507C7912-EC1A-4596-96F3-3D293898B0A2}.Release|Win32.Build.0 = Release|Win32
		{507C7912-EC1A-4596-96F3-3D293898B0A2}.Release|x64.ActiveCfg = Release|x64
		{507C7912-EC1A-4596-96F3-3D293898B0A2}.Release|x64.Build.0 = Release|x64
		{43D6B6D0-99BC-4688-A00E-EDB99A0686FA}.Debug|Win32.ActiveCfg = Debug|Win32
		{43D6B6D0-99BC-4688-A00E-EDB99A0686FA}.Debug|Win32.Build.0 = Debug|Win32
		{43D6B6D0-99BC-4688-A00E-EDB99A0686FA}.Debug|x64.ActiveCfg = Debug|x64
		{43D6B6D0-99BC-4688-A00E-EDB99A0686FA}.Debug|x64.Build.0 = Debug|x64
		{43D6B6D0-99BC-4688-A00E-EDB99A0686FA}.Release|Win32.ActiveCfg = Release|Win32
		{43D6B6D0-99BC-4688-A00E-EDB99A0686FA}.Release|Win32.Build.0 = Release|Win32
		{43D6B6D0-99BC-4688-A00E-EDB99A0686FA}.Release|x64.ActiveCfg = Release|x64
		{43D6B6D0-99BC-4688-A00E-EDB99A0686FA}.Release|x64.Build.0 = Release|x64
	EndGlobalSection
	GlobalSection(SolutionProperties) = preSolution
		HideSolutionNode = FALSE
	EndGlobalSection
	GlobalSection(NestedProjects) = preSolution
		{A69AA171-18A9-44E9-8A7C-B437E72F8D82} = {E881712E-B5BE-45FE-BB29-36123A857F47}
		{854F1E5B-FC3F-4549-B65B-54B3836457BF} = {0FBF3DD4-2497-49B6-A9C4-DA10A251E012}
		{FA6CB113-8AA3-4800-93EC-E62AB6036D51} = {0FBF3DD4-2497-49B6-A9C4-DA10A251E012}
		{D43139C8-FFFB-4E9F-B197-F272005C143B} = {0FBF3DD4-2497-49B6-A9C4-DA10A251E012}
		{73DD7B04-22FB-416A-BFEA-B1A3C7383FE4} = {0FBF3DD4-2497-49B6-A9C4-DA10A251E012}
		{F78089EC-3AFD-4486-8773-8538E6A8C245} = {0FBF3DD4-2497-49B6-A9C4-DA10A251E012}
		{507C7912-EC1A-4596-96F3-3D293898B0A2} = {0FBF3DD4-2497-49B6-A9C4-DA10A251E012}
		{43D6B6D0-99BC-4688-A00E-EDB99A0686FA} = {0FBF3DD4-2497-49B6-A9C4-DA10A251E012}
	EndGlobalSection
EndGlobal
